
Microsoft Visual Studio Solution File, Format Version 12.00
# Visual Studio Version 16
VisualStudioVersion = 16.0.31129.286
MinimumVisualStudioVersion = 10.0.40219.1
Project("{FAE04EC0-301F-11D3-BF4B-00C04F79EFBC}") = "8 dz", "8 dz\8 dz.csproj", "{C2E7628B-32EC-4604-956C-DF0BFBCF4F1F}"
EndProject
Global
	GlobalSection(SolutionConfigurationPlatforms) = preSolution
		Debug|Any CPU = Debug|Any CPU
		Release|Any CPU = Release|Any CPU
	EndGlobalSection
	GlobalSection(ProjectConfigurationPlatforms) = postSolution
		{C2E7628B-32EC-4604-956C-DF0BFBCF4F1F}.Debug|Any CPU.ActiveCfg = Debug|Any CPU
		{C2E7628B-32EC-4604-956C-DF0BFBCF4F1F}.Debug|Any CPU.Build.0 = Debug|Any CPU
		{C2E7628B-32EC-4604-956C-DF0BFBCF4F1F}.Release|Any CPU.ActiveCfg = Release|Any CPU
		{C2E7628B-32EC-4604-956C-DF0BFBCF4F1F}.Release|Any CPU.Build.0 = Release|Any CPU
	EndGlobalSection
	GlobalSection(SolutionProperties) = preSolution
		HideSolutionNode = FALSE
	EndGlobalSection
	GlobalSection(ExtensibilityGlobals) = postSolution
		SolutionGuid = {F4028E69-CF98-46C6-9C2C-54A55EA8D532}
	EndGlobalSection
EndGlobal
