
Microsoft Visual Studio Solution File, Format Version 12.00
# Visual Studio Version 16
VisualStudioVersion = 16.0.31129.286
MinimumVisualStudioVersion = 10.0.40219.1
Project("{FAE04EC0-301F-11D3-BF4B-00C04F79EFBC}") = "11 dz", "11 dz\11 dz.csproj", "{D14EDDFE-F5E8-4606-9421-BC87AD5AEB97}"
EndProject
Global
	GlobalSection(SolutionConfigurationPlatforms) = preSolution
		Debug|Any CPU = Debug|Any CPU
		Release|Any CPU = Release|Any CPU
	EndGlobalSection
	GlobalSection(ProjectConfigurationPlatforms) = postSolution
		{D14EDDFE-F5E8-4606-9421-BC87AD5AEB97}.Debug|Any CPU.ActiveCfg = Debug|Any CPU
		{D14EDDFE-F5E8-4606-9421-BC87AD5AEB97}.Debug|Any CPU.Build.0 = Debug|Any CPU
		{D14EDDFE-F5E8-4606-9421-BC87AD5AEB97}.Release|Any CPU.ActiveCfg = Release|Any CPU
		{D14EDDFE-F5E8-4606-9421-BC87AD5AEB97}.Release|Any CPU.Build.0 = Release|Any CPU
	EndGlobalSection
	GlobalSection(SolutionProperties) = preSolution
		HideSolutionNode = FALSE
	EndGlobalSection
	GlobalSection(ExtensibilityGlobals) = postSolution
		SolutionGuid = {583106A8-D34E-45A6-9CFD-6AE4F802CD08}
	EndGlobalSection
EndGlobal
