
Microsoft Visual Studio Solution File, Format Version 12.00
# Visual Studio Version 16
VisualStudioVersion = 16.0.31129.286
MinimumVisualStudioVersion = 10.0.40219.1
Project("{FAE04EC0-301F-11D3-BF4B-00C04F79EFBC}") = "5 dz", "5 dz\5 dz.csproj", "{A56C9AB1-51C1-481F-A325-7A002381D142}"
EndProject
Global
	GlobalSection(SolutionConfigurationPlatforms) = preSolution
		Debug|Any CPU = Debug|Any CPU
		Release|Any CPU = Release|Any CPU
	EndGlobalSection
	GlobalSection(ProjectConfigurationPlatforms) = postSolution
		{A56C9AB1-51C1-481F-A325-7A002381D142}.Debug|Any CPU.ActiveCfg = Debug|Any CPU
		{A56C9AB1-51C1-481F-A325-7A002381D142}.Debug|Any CPU.Build.0 = Debug|Any CPU
		{A56C9AB1-51C1-481F-A325-7A002381D142}.Release|Any CPU.ActiveCfg = Release|Any CPU
		{A56C9AB1-51C1-481F-A325-7A002381D142}.Release|Any CPU.Build.0 = Release|Any CPU
	EndGlobalSection
	GlobalSection(SolutionProperties) = preSolution
		HideSolutionNode = FALSE
	EndGlobalSection
	GlobalSection(ExtensibilityGlobals) = postSolution
		SolutionGuid = {02505DC6-E6E5-44CC-9DB3-A97AABFD1251}
	EndGlobalSection
EndGlobal
