
Microsoft Visual Studio Solution File, Format Version 12.00
# Visual Studio Version 16
VisualStudioVersion = 16.0.31129.286
MinimumVisualStudioVersion = 10.0.40219.1
Project("{FAE04EC0-301F-11D3-BF4B-00C04F79EFBC}") = "10 dz", "10 dz\10 dz.csproj", "{293B9FD4-BF1D-4008-BEED-A61E1FB96E31}"
EndProject
Global
	GlobalSection(SolutionConfigurationPlatforms) = preSolution
		Debug|Any CPU = Debug|Any CPU
		Release|Any CPU = Release|Any CPU
	EndGlobalSection
	GlobalSection(ProjectConfigurationPlatforms) = postSolution
		{293B9FD4-BF1D-4008-BEED-A61E1FB96E31}.Debug|Any CPU.ActiveCfg = Debug|Any CPU
		{293B9FD4-BF1D-4008-BEED-A61E1FB96E31}.Debug|Any CPU.Build.0 = Debug|Any CPU
		{293B9FD4-BF1D-4008-BEED-A61E1FB96E31}.Release|Any CPU.ActiveCfg = Release|Any CPU
		{293B9FD4-BF1D-4008-BEED-A61E1FB96E31}.Release|Any CPU.Build.0 = Release|Any CPU
	EndGlobalSection
	GlobalSection(SolutionProperties) = preSolution
		HideSolutionNode = FALSE
	EndGlobalSection
	GlobalSection(ExtensibilityGlobals) = postSolution
		SolutionGuid = {491830BF-10EE-4C4E-A3DD-F48B846599AD}
	EndGlobalSection
EndGlobal
